<?xml version="1.0" encoding="utf-8"?>
<Project ToolsVersion="4.0" xmlns="http://schemas.microsoft.com/developer/msbuild/2003">
  <ItemGroup>
    <Filter Include="Header Files">
      <UniqueIdentifier>{93995380-89BD-4b04-88EB-625FBE52EBFB}</UniqueIdentifier>
      <Extensions>h;hh;hpp;hxx;h++;hm;inl;inc;ipp;xsd</Extensions>
    </Filter>
    <Filter Include="Resource Files">
      <UniqueIdentifier>{67DA6AB6-F800-4c08-8B7A-83BB121AAD01}</UniqueIdentifier>
      <Extensions>rc;ico;cur;bmp;dlg;rc2;rct;bin;rgs;gif;jpg;jpeg;jpe;resx;tiff;tif;png;wav;mfcribbon-ms</Extensions>
    </Filter>
    <Filter Include="Source">
      <UniqueIdentifier>{4FC737F1-C7A5-4376-A066-2A32D752A2FF}</UniqueIdentifier>
      <Extensions>cpp;c;cc;cxx;c++;cppm;ixx;def;odl;idl;hpj;bat;asm;asmx</Extensions>
    </Filter>
    <Filter Include="Source\Engine">
      <UniqueIdentifier>{061a93c9-0731-482c-9e1e-82599736094f}</UniqueIdentifier>
    </Filter>
    <Filter Include="Source\Engine\Core">
      <UniqueIdentifier>{d922636c-2c6a-4cb8-ae89-2f89a8e2a716}</UniqueIdentifier>
    </Filter>
    <Filter Include="Source\Engine\Graphics">
      <UniqueIdentifier>{b5a3cba8-c710-4e05-abb1-c5a9f2f76e75}</UniqueIdentifier>
    </Filter>
    <Filter Include="Source\Engine\Input">
      <UniqueIdentifier>{914ac294-861e-4077-a8ea-77c783138f51}</UniqueIdentifier>
    </Filter>
    <Filter Include="Source\Engine\Resources">
      <UniqueIdentifier>{8c5b4d1c-3f37-4ca3-adea-c0e7cdb38169}</UniqueIdentifier>
    </Filter>
    <Filter Include="Resource Files\Shaders">
      <UniqueIdentifier>{010c19db-305c-4b64-8e57-d0cbd17fc359}</UniqueIdentifier>
    </Filter>
    <Filter Include="Source\Engine\Math">
      <UniqueIdentifier>{a8b6aab5-30a0-4120-b415-f2d58c5684bf}</UniqueIdentifier>
    </Filter>
    <Filter Include="Resource Files\Textures">
      <UniqueIdentifier>{8ed382da-063e-4c0d-818c-8a4dfd977da4}</UniqueIdentifier>
    </Filter>
    <Filter Include="Source\Engine\Objects">
      <UniqueIdentifier>{03e56de5-96bf-4065-916f-608849d950cf}</UniqueIdentifier>
    </Filter>
  </ItemGroup>
  <ItemGroup>
    <ClCompile Include="Main.cpp">
      <Filter>Source</Filter>
    </ClCompile>
    <ClCompile Include="..\ThirdParty\glad\src\glad.c">
      <Filter>Source</Filter>
    </ClCompile>
    <ClCompile Include="Engine\Core\Assert.cpp">
      <Filter>Source\Engine\Core</Filter>
    </ClCompile>
    <ClCompile Include="Engine\Core\EventManager.cpp">
      <Filter>Source\Engine\Core</Filter>
    </ClCompile>
    <ClCompile Include="Engine\Core\Timer.cpp">
      <Filter>Source\Engine\Core</Filter>
    </ClCompile>
    <ClCompile Include="pch.cpp">
      <Filter>Source</Filter>
    </ClCompile>
    <ClCompile Include="Engine\Input\InputSystem.cpp">
      <Filter>Source\Engine\Input</Filter>
    </ClCompile>
    <ClCompile Include="Engine\Resources\ResourceManager.cpp">
      <Filter>Source\Engine\Resources</Filter>
    </ClCompile>
    <ClCompile Include="Engine\Graphics\Renderer.cpp">
      <Filter>Source\Engine\Graphics</Filter>
    </ClCompile>
    <ClCompile Include="Engine\Graphics\Texture.cpp">
      <Filter>Source\Engine\Graphics</Filter>
    </ClCompile>
    <ClCompile Include="Engine\Core\File.cpp">
      <Filter>Source\Engine\Core</Filter>
    </ClCompile>
    <ClCompile Include="Engine\Graphics\Program.cpp">
      <Filter>Source\Engine\Graphics</Filter>
    </ClCompile>
    <ClCompile Include="Engine\Engine.cpp">
      <Filter>Source</Filter>
    </ClCompile>
    <ClCompile Include="Engine\Graphics\VertexArray.cpp">
      <Filter>Source\Engine\Graphics</Filter>
    </ClCompile>
    <ClCompile Include="Engine\Graphics\VertexIndexArray.cpp">
      <Filter>Source\Engine\Graphics</Filter>
    </ClCompile>
    <ClCompile Include="Engine\Math\Transform.cpp">
      <Filter>Source\Engine\Math</Filter>
    </ClCompile>
    <ClCompile Include="Engine\Graphics\Material.cpp">
      <Filter>Source\Engine\Graphics</Filter>
    </ClCompile>
    <ClCompile Include="Engine\Objects\Object.cpp">
      <Filter>Source\Engine\Objects</Filter>
    </ClCompile>
    <ClCompile Include="Engine\Objects\Scene.cpp">
      <Filter>Source\Engine\Objects</Filter>
    </ClCompile>
    <ClCompile Include="Engine\Objects\Light.cpp">
      <Filter>Source\Engine\Objects</Filter>
    </ClCompile>
    <ClCompile Include="Engine\Objects\Camera.cpp">
      <Filter>Source\Engine\Objects</Filter>
    </ClCompile>
    <ClCompile Include="Engine\Objects\Model.cpp">
      <Filter>Source\Engine\Objects</Filter>
    </ClCompile>
  </ItemGroup>
  <ItemGroup>
    <ClInclude Include="Engine\Core\Assert.h">
      <Filter>Source\Engine\Core</Filter>
    </ClInclude>
    <ClInclude Include="Engine\Core\EventManager.h">
      <Filter>Source\Engine\Core</Filter>
    </ClInclude>
    <ClInclude Include="Engine\Core\Factory.h">
      <Filter>Source\Engine\Core</Filter>
    </ClInclude>
    <ClInclude Include="Engine\Core\Singleton.h">
      <Filter>Source\Engine\Core</Filter>
    </ClInclude>
    <ClInclude Include="Engine\Core\System.h">
      <Filter>Source\Engine\Core</Filter>
    </ClInclude>
    <ClInclude Include="Engine\Core\Timer.h">
      <Filter>Source\Engine\Core</Filter>
    </ClInclude>
    <ClInclude Include="pch.h">
      <Filter>Source</Filter>
    </ClInclude>
    <ClInclude Include="Engine\Input\InputSystem.h">
      <Filter>Source\Engine\Input</Filter>
    </ClInclude>
    <ClInclude Include="Engine\Resources\Resource.h">
      <Filter>Source\Engine\Resources</Filter>
    </ClInclude>
    <ClInclude Include="Engine\Resources\ResourceManager.h">
      <Filter>Source\Engine\Resources</Filter>
    </ClInclude>
    <ClInclude Include="Engine\Graphics\Renderer.h">
      <Filter>Source\Engine\Graphics</Filter>
    </ClInclude>
    <ClInclude Include="Engine\Graphics\Texture.h">
      <Filter>Source\Engine\Graphics</Filter>
    </ClInclude>
    <ClInclude Include="Engine\Core\File.h">
      <Filter>Source\Engine\Core</Filter>
    </ClInclude>
    <ClInclude Include="Engine\Math\Math.h">
      <Filter>Source\Engine\Math</Filter>
    </ClInclude>
    <ClInclude Include="Engine\Graphics\Program.h">
      <Filter>Source\Engine\Graphics</Filter>
    </ClInclude>
    <ClInclude Include="Engine\Engine.h">
      <Filter>Source\Engine</Filter>
    </ClInclude>
    <ClInclude Include="Engine\Graphics\VertexArray.h">
      <Filter>Source\Engine\Graphics</Filter>
    </ClInclude>
    <ClInclude Include="Engine\Math\Transform.h">
      <Filter>Source\Engine\Math</Filter>
    </ClInclude>
    <ClInclude Include="Engine\Graphics\Material.h">
      <Filter>Source\Engine\Graphics</Filter>
    </ClInclude>
    <ClInclude Include="Engine\Objects\Scene.h">
      <Filter>Source\Engine\Objects</Filter>
    </ClInclude>
    <ClInclude Include="Engine\Objects\Camera.h">
      <Filter>Source\Engine\Objects</Filter>
    </ClInclude>
    <ClInclude Include="Engine\Objects\Light.h">
      <Filter>Source\Engine\Objects</Filter>
    </ClInclude>
    <ClInclude Include="Engine\Objects\Object.h">
      <Filter>Source\Engine\Objects</Filter>
    </ClInclude>
    <ClInclude Include="Engine\Graphics\VertexIndexArray.h">
      <Filter>Source\Engine\Objects</Filter>
    </ClInclude>
    <ClInclude Include="Engine\Objects\Model.h">
      <Filter>Source\Engine\Objects</Filter>
    </ClInclude>
  </ItemGroup>
  <ItemGroup>
    <None Include="..\Build\Shaders\basic.frag">
      <Filter>Resource Files\Shaders</Filter>
    </None>
    <None Include="..\Build\Shaders\basic.vert">
      <Filter>Resource Files\Shaders</Filter>
    </None>
    <None Include="..\Build\Shaders\gouraud.frag">
      <Filter>Resource Files\Shaders</Filter>
    </None>
    <None Include="..\Build\Shaders\gouraud.vert">
      <Filter>Resource Files\Shaders</Filter>
    </None>
    <None Include="..\Build\Shaders\phong.frag">
      <Filter>Resource Files\Shaders</Filter>
    </None>
    <None Include="..\Build\Shaders\phong.vert">
      <Filter>Resource Files\Shaders</Filter>
    </None>
  </ItemGroup>
</Project>